
Microsoft Visual Studio Solution File, Format Version 12.00
# Visual Studio Version 17
VisualStudioVersion = 17.14.36705.20 d17.14
MinimumVisualStudioVersion = 10.0.40219.1
Project("{FAE04EC0-301F-11D3-BF4B-00C04F79EFBC}") = "CheckersGameProject", "CheckersGameProject\CheckersGameProject.csproj", "{9D5FA3B6-59AB-4EEA-9F7F-4AB0F52CC4DE}"
EndProject
Global
	GlobalSection(SolutionConfigurationPlatforms) = preSolution
		Debug|Any CPU = Debug|Any CPU
		Release|Any CPU = Release|Any CPU
	EndGlobalSection
	GlobalSection(ProjectConfigurationPlatforms) = postSolution
		{9D5FA3B6-59AB-4EEA-9F7F-4AB0F52CC4DE}.Debug|Any CPU.ActiveCfg = Debug|Any CPU
		{9D5FA3B6-59AB-4EEA-9F7F-4AB0F52CC4DE}.Debug|Any CPU.Build.0 = Debug|Any CPU
		{9D5FA3B6-59AB-4EEA-9F7F-4AB0F52CC4DE}.Release|Any CPU.ActiveCfg = Release|Any CPU
		{9D5FA3B6-59AB-4EEA-9F7F-4AB0F52CC4DE}.Release|Any CPU.Build.0 = Release|Any CPU
	EndGlobalSection
	GlobalSection(SolutionProperties) = preSolution
		HideSolutionNode = FALSE
	EndGlobalSection
	GlobalSection(ExtensibilityGlobals) = postSolution
		SolutionGuid = {80E7497A-F657-4CC5-9DEF-DC4A403CF3E7}
	EndGlobalSection
EndGlobal
